
Microsoft Visual Studio Solution File, Format Version 12.00
# Visual Studio Version 16
VisualStudioVersion = 16.0.30804.86
MinimumVisualStudioVersion = 10.0.40219.1
Project("{FAE04EC0-301F-11D3-BF4B-00C04F79EFBC}") = "UnityCS", "UnityCS\UnityCS.csproj", "{FCF637AF-51BA-4F38-8CD0-7D93112B5983}"
EndProject
Project("{FAE04EC0-301F-11D3-BF4B-00C04F79EFBC}") = "Test01", "Test01\Test01.csproj", "{319CE37C-CB34-42E1-802C-4DFA68589F1B}"
EndProject
Project("{2150E333-8FDC-42A3-9474-1A3956D46DE8}") = "Solution Items", "Solution Items", "{3FA587C0-819F-4C24-9107-9F4769162724}"
	ProjectSection(SolutionItems) = preProject
		목차.txt = 목차.txt
	EndProjectSection
EndProject
Project("{2150E333-8FDC-42A3-9474-1A3956D46DE8}") = "STD", "STD", "{A905CF95-6E5E-429D-8367-BA9548D3A9C7}"
EndProject
Project("{FAE04EC0-301F-11D3-BF4B-00C04F79EFBC}") = "00Using", "00Using\00Using.csproj", "{9DD2897F-023D-4DD7-A0DE-695F6D8299B0}"
EndProject
Project("{FAE04EC0-301F-11D3-BF4B-00C04F79EFBC}") = "01Class", "01Class\01Class.csproj", "{06C2BCCC-4948-4362-858D-DC27A0A0FCB9}"
EndProject
Project("{FAE04EC0-301F-11D3-BF4B-00C04F79EFBC}") = "02NameSpace", "02NameSpace\02NameSpace.csproj", "{851BE0EE-0AB7-4755-BBDD-71F4D9B64514}"
EndProject
Project("{FAE04EC0-301F-11D3-BF4B-00C04F79EFBC}") = "03CodeStartAndReading", "03CodeStartAndReading\03CodeStartAndReading.csproj", "{3DF14EE2-E169-49AC-8126-339204CDB2A7}"
EndProject
Project("{FAE04EC0-301F-11D3-BF4B-00C04F79EFBC}") = "04MemberVar", "04MemberVar\04MemberVar.csproj", "{4B4A177B-FC54-4FD1-BAB5-2CA42FD385CC}"
EndProject
Project("{FAE04EC0-301F-11D3-BF4B-00C04F79EFBC}") = "05MemberFunc", "05MemberFunc\05MemberFunc.csproj", "{539A2E22-6509-4555-82A2-672BDE2CB76A}"
EndProject
Project("{FAE04EC0-301F-11D3-BF4B-00C04F79EFBC}") = "06LocalVar", "06LocalVar\06LocalVar.csproj", "{E0796C54-A2DD-4129-AC1D-80D2BBE9C546}"
EndProject
Project("{FAE04EC0-301F-11D3-BF4B-00C04F79EFBC}") = "07ClassAccess", "ClassAccess\07ClassAccess.csproj", "{E95AE0EB-2EB2-4A3F-A1E9-33F0EFD9F1B5}"
EndProject
Project("{FAE04EC0-301F-11D3-BF4B-00C04F79EFBC}") = "08FuncEx", "08FuncEx\08FuncEx.csproj", "{E9018B96-EBA7-48C7-8F8B-F3CA934F59CD}"
EndProject
Project("{FAE04EC0-301F-11D3-BF4B-00C04F79EFBC}") = "09Operator", "09Operator\09Operator.csproj", "{8E38C5F3-71DD-488B-84F7-2E7903B81156}"
EndProject
Project("{FAE04EC0-301F-11D3-BF4B-00C04F79EFBC}") = "10Memory00(Func)", "10Memory00(Func)\10Memory00(Func).csproj", "{5154D6BD-2EBD-4CB5-BD2E-380B1D423CFC}"
EndProject
Project("{FAE04EC0-301F-11D3-BF4B-00C04F79EFBC}") = "11Memory00(Value)", "11Memory00(Value)\11Memory00(Value).csproj", "{5C5D39FD-90ED-472B-8651-D14D6A5AC17E}"
EndProject
Project("{FAE04EC0-301F-11D3-BF4B-00C04F79EFBC}") = "12Memory02(Reference)", "12Memory02(Reference)\12Memory02(Reference).csproj", "{8A6D1706-3973-4C80-B789-36386B4551E2}"
EndProject
Project("{FAE04EC0-301F-11D3-BF4B-00C04F79EFBC}") = "13StaticVar", "13StaticVar\13StaticVar.csproj", "{CD8D5E45-4C64-445A-848A-43B493785ED5}"
EndProject
Project("{FAE04EC0-301F-11D3-BF4B-00C04F79EFBC}") = "14StaticFunc", "14StaticFunc\14StaticFunc.csproj", "{C90E4A13-D753-4716-8EE5-753DB0D679BD}"
EndProject
Project("{FAE04EC0-301F-11D3-BF4B-00C04F79EFBC}") = "15StaticClass", "15StaticClass\15StaticClass.csproj", "{3CB30643-1DCD-4969-AD6D-C6DE7BABEED1}"
EndProject
Project("{FAE04EC0-301F-11D3-BF4B-00C04F79EFBC}") = "16This", "16This\16This.csproj", "{6CB0676D-0733-460F-8F45-A8668459D4CB}"
EndProject
Project("{FAE04EC0-301F-11D3-BF4B-00C04F79EFBC}") = "17while", "17while\17while.csproj", "{5C17E22F-B1B0-4DDF-BFF8-3F936FEC1A74}"
EndProject
Project("{FAE04EC0-301F-11D3-BF4B-00C04F79EFBC}") = "18for", "18for\18for.csproj", "{3CA4A473-0378-4740-84EE-1CF03D48B01F}"
EndProject
Project("{FAE04EC0-301F-11D3-BF4B-00C04F79EFBC}") = "19if", "19if\19if.csproj", "{9800B857-42E6-4508-AF57-4711BE7759B3}"
EndProject
Project("{FAE04EC0-301F-11D3-BF4B-00C04F79EFBC}") = "20Switch", "20Switch\20Switch.csproj", "{8F0D0137-1196-437B-9E8D-CEFFEA5E913E}"
EndProject
Project("{FAE04EC0-301F-11D3-BF4B-00C04F79EFBC}") = "21Struct", "21Struct\21Struct.csproj", "{D1DD99C1-4953-48D9-9A92-F08F93046A7D}"
EndProject
Project("{FAE04EC0-301F-11D3-BF4B-00C04F79EFBC}") = "22Enum", "22Enum\22Enum.csproj", "{CEE55D43-B702-4C7B-8AC1-CBF508466B10}"
EndProject
Project("{2150E333-8FDC-42A3-9474-1A3956D46DE8}") = "Game", "Game", "{0631C3C6-3497-4279-B407-4582ECD367D2}"
EndProject
Project("{FAE04EC0-301F-11D3-BF4B-00C04F79EFBC}") = "TextRPG001", "TextRPG001\TextRPG001.csproj", "{469E7979-F4FC-484B-B7E5-6AF5207A921D}"
EndProject
Project("{FAE04EC0-301F-11D3-BF4B-00C04F79EFBC}") = "23Inheritance", "23Inheritance\23Inheritance.csproj", "{B49A7138-C8DB-4FE3-B853-8CA0F42FDB5A}"
EndProject
Project("{FAE04EC0-301F-11D3-BF4B-00C04F79EFBC}") = "24ClassConstructer", "24ClassConstructer\24ClassConstructer.csproj", "{35163CEA-3F63-4BBD-8148-A220B4336FA8}"
EndProject
Project("{FAE04EC0-301F-11D3-BF4B-00C04F79EFBC}") = "25String01", "25String01\25String01.csproj", "{C10FD0D2-1064-41AF-A5C5-C5CBFF436DF1}"
EndProject
Project("{FAE04EC0-301F-11D3-BF4B-00C04F79EFBC}") = "26Property", "26Property\26Property.csproj", "{191594BB-0732-46D3-93C3-0DCF3B2FD221}"
EndProject
Project("{FAE04EC0-301F-11D3-BF4B-00C04F79EFBC}") = "27ClassFile", "27ClassFile\27ClassFile.csproj", "{2B8F7366-A237-4610-BB46-B2A045DFFE25}"
EndProject
Project("{FAE04EC0-301F-11D3-BF4B-00C04F79EFBC}") = "28Partial", "28Particial\28Partial.csproj", "{B84714BE-A5AC-4D60-AE84-343D4AA87FA8}"
EndProject
Project("{FAE04EC0-301F-11D3-BF4B-00C04F79EFBC}") = "29OverLoading", "29OverLoading\29OverLoading.csproj", "{D656BA90-6024-48D9-96AB-5F39C11F3136}"
EndProject
Project("{FAE04EC0-301F-11D3-BF4B-00C04F79EFBC}") = "30OverRiding", "30OverRiding\30OverRiding.csproj", "{086BE217-4426-4EA1-B777-71FA75986A9F}"
EndProject
Project("{FAE04EC0-301F-11D3-BF4B-00C04F79EFBC}") = "31Interface", "31Interface\31Interface.csproj", "{939751AD-89D8-438E-8F31-C7C92B606B7F}"
EndProject
Project("{FAE04EC0-301F-11D3-BF4B-00C04F79EFBC}") = "32Array", "32Array\32Array.csproj", "{3E4C3D29-481C-4147-B33B-838C727FAF18}"
EndProject
Global
	GlobalSection(SolutionConfigurationPlatforms) = preSolution
		Debug|Any CPU = Debug|Any CPU
		Release|Any CPU = Release|Any CPU
	EndGlobalSection
	GlobalSection(ProjectConfigurationPlatforms) = postSolution
		{FCF637AF-51BA-4F38-8CD0-7D93112B5983}.Debug|Any CPU.ActiveCfg = Debug|Any CPU
		{FCF637AF-51BA-4F38-8CD0-7D93112B5983}.Debug|Any CPU.Build.0 = Debug|Any CPU
		{FCF637AF-51BA-4F38-8CD0-7D93112B5983}.Release|Any CPU.ActiveCfg = Release|Any CPU
		{FCF637AF-51BA-4F38-8CD0-7D93112B5983}.Release|Any CPU.Build.0 = Release|Any CPU
		{319CE37C-CB34-42E1-802C-4DFA68589F1B}.Debug|Any CPU.ActiveCfg = Debug|Any CPU
		{319CE37C-CB34-42E1-802C-4DFA68589F1B}.Debug|Any CPU.Build.0 = Debug|Any CPU
		{319CE37C-CB34-42E1-802C-4DFA68589F1B}.Release|Any CPU.ActiveCfg = Release|Any CPU
		{319CE37C-CB34-42E1-802C-4DFA68589F1B}.Release|Any CPU.Build.0 = Release|Any CPU
		{9DD2897F-023D-4DD7-A0DE-695F6D8299B0}.Debug|Any CPU.ActiveCfg = Debug|Any CPU
		{9DD2897F-023D-4DD7-A0DE-695F6D8299B0}.Debug|Any CPU.Build.0 = Debug|Any CPU
		{9DD2897F-023D-4DD7-A0DE-695F6D8299B0}.Release|Any CPU.ActiveCfg = Release|Any CPU
		{9DD2897F-023D-4DD7-A0DE-695F6D8299B0}.Release|Any CPU.Build.0 = Release|Any CPU
		{06C2BCCC-4948-4362-858D-DC27A0A0FCB9}.Debug|Any CPU.ActiveCfg = Debug|Any CPU
		{06C2BCCC-4948-4362-858D-DC27A0A0FCB9}.Debug|Any CPU.Build.0 = Debug|Any CPU
		{06C2BCCC-4948-4362-858D-DC27A0A0FCB9}.Release|Any CPU.ActiveCfg = Release|Any CPU
		{06C2BCCC-4948-4362-858D-DC27A0A0FCB9}.Release|Any CPU.Build.0 = Release|Any CPU
		{851BE0EE-0AB7-4755-BBDD-71F4D9B64514}.Debug|Any CPU.ActiveCfg = Debug|Any CPU
		{851BE0EE-0AB7-4755-BBDD-71F4D9B64514}.Debug|Any CPU.Build.0 = Debug|Any CPU
		{851BE0EE-0AB7-4755-BBDD-71F4D9B64514}.Release|Any CPU.ActiveCfg = Release|Any CPU
		{851BE0EE-0AB7-4755-BBDD-71F4D9B64514}.Release|Any CPU.Build.0 = Release|Any CPU
		{3DF14EE2-E169-49AC-8126-339204CDB2A7}.Debug|Any CPU.ActiveCfg = Debug|Any CPU
		{3DF14EE2-E169-49AC-8126-339204CDB2A7}.Debug|Any CPU.Build.0 = Debug|Any CPU
		{3DF14EE2-E169-49AC-8126-339204CDB2A7}.Release|Any CPU.ActiveCfg = Release|Any CPU
		{3DF14EE2-E169-49AC-8126-339204CDB2A7}.Release|Any CPU.Build.0 = Release|Any CPU
		{4B4A177B-FC54-4FD1-BAB5-2CA42FD385CC}.Debug|Any CPU.ActiveCfg = Debug|Any CPU
		{4B4A177B-FC54-4FD1-BAB5-2CA42FD385CC}.Debug|Any CPU.Build.0 = Debug|Any CPU
		{4B4A177B-FC54-4FD1-BAB5-2CA42FD385CC}.Release|Any CPU.ActiveCfg = Release|Any CPU
		{4B4A177B-FC54-4FD1-BAB5-2CA42FD385CC}.Release|Any CPU.Build.0 = Release|Any CPU
		{539A2E22-6509-4555-82A2-672BDE2CB76A}.Debug|Any CPU.ActiveCfg = Debug|Any CPU
		{539A2E22-6509-4555-82A2-672BDE2CB76A}.Debug|Any CPU.Build.0 = Debug|Any CPU
		{539A2E22-6509-4555-82A2-672BDE2CB76A}.Release|Any CPU.ActiveCfg = Release|Any CPU
		{539A2E22-6509-4555-82A2-672BDE2CB76A}.Release|Any CPU.Build.0 = Release|Any CPU
		{E0796C54-A2DD-4129-AC1D-80D2BBE9C546}.Debug|Any CPU.ActiveCfg = Debug|Any CPU
		{E0796C54-A2DD-4129-AC1D-80D2BBE9C546}.Debug|Any CPU.Build.0 = Debug|Any CPU
		{E0796C54-A2DD-4129-AC1D-80D2BBE9C546}.Release|Any CPU.ActiveCfg = Release|Any CPU
		{E0796C54-A2DD-4129-AC1D-80D2BBE9C546}.Release|Any CPU.Build.0 = Release|Any CPU
		{E95AE0EB-2EB2-4A3F-A1E9-33F0EFD9F1B5}.Debug|Any CPU.ActiveCfg = Debug|Any CPU
		{E95AE0EB-2EB2-4A3F-A1E9-33F0EFD9F1B5}.Debug|Any CPU.Build.0 = Debug|Any CPU
		{E95AE0EB-2EB2-4A3F-A1E9-33F0EFD9F1B5}.Release|Any CPU.ActiveCfg = Release|Any CPU
		{E95AE0EB-2EB2-4A3F-A1E9-33F0EFD9F1B5}.Release|Any CPU.Build.0 = Release|Any CPU
		{E9018B96-EBA7-48C7-8F8B-F3CA934F59CD}.Debug|Any CPU.ActiveCfg = Debug|Any CPU
		{E9018B96-EBA7-48C7-8F8B-F3CA934F59CD}.Debug|Any CPU.Build.0 = Debug|Any CPU
		{E9018B96-EBA7-48C7-8F8B-F3CA934F59CD}.Release|Any CPU.ActiveCfg = Release|Any CPU
		{E9018B96-EBA7-48C7-8F8B-F3CA934F59CD}.Release|Any CPU.Build.0 = Release|Any CPU
		{8E38C5F3-71DD-488B-84F7-2E7903B81156}.Debug|Any CPU.ActiveCfg = Debug|Any CPU
		{8E38C5F3-71DD-488B-84F7-2E7903B81156}.Debug|Any CPU.Build.0 = Debug|Any CPU
		{8E38C5F3-71DD-488B-84F7-2E7903B81156}.Release|Any CPU.ActiveCfg = Release|Any CPU
		{8E38C5F3-71DD-488B-84F7-2E7903B81156}.Release|Any CPU.Build.0 = Release|Any CPU
		{5154D6BD-2EBD-4CB5-BD2E-380B1D423CFC}.Debug|Any CPU.ActiveCfg = Debug|Any CPU
		{5154D6BD-2EBD-4CB5-BD2E-380B1D423CFC}.Debug|Any CPU.Build.0 = Debug|Any CPU
		{5154D6BD-2EBD-4CB5-BD2E-380B1D423CFC}.Release|Any CPU.ActiveCfg = Release|Any CPU
		{5154D6BD-2EBD-4CB5-BD2E-380B1D423CFC}.Release|Any CPU.Build.0 = Release|Any CPU
		{5C5D39FD-90ED-472B-8651-D14D6A5AC17E}.Debug|Any CPU.ActiveCfg = Debug|Any CPU
		{5C5D39FD-90ED-472B-8651-D14D6A5AC17E}.Debug|Any CPU.Build.0 = Debug|Any CPU
		{5C5D39FD-90ED-472B-8651-D14D6A5AC17E}.Release|Any CPU.ActiveCfg = Release|Any CPU
		{5C5D39FD-90ED-472B-8651-D14D6A5AC17E}.Release|Any CPU.Build.0 = Release|Any CPU
		{8A6D1706-3973-4C80-B789-36386B4551E2}.Debug|Any CPU.ActiveCfg = Debug|Any CPU
		{8A6D1706-3973-4C80-B789-36386B4551E2}.Debug|Any CPU.Build.0 = Debug|Any CPU
		{8A6D1706-3973-4C80-B789-36386B4551E2}.Release|Any CPU.ActiveCfg = Release|Any CPU
		{8A6D1706-3973-4C80-B789-36386B4551E2}.Release|Any CPU.Build.0 = Release|Any CPU
		{CD8D5E45-4C64-445A-848A-43B493785ED5}.Debug|Any CPU.ActiveCfg = Debug|Any CPU
		{CD8D5E45-4C64-445A-848A-43B493785ED5}.Debug|Any CPU.Build.0 = Debug|Any CPU
		{CD8D5E45-4C64-445A-848A-43B493785ED5}.Release|Any CPU.ActiveCfg = Release|Any CPU
		{CD8D5E45-4C64-445A-848A-43B493785ED5}.Release|Any CPU.Build.0 = Release|Any CPU
		{C90E4A13-D753-4716-8EE5-753DB0D679BD}.Debug|Any CPU.ActiveCfg = Debug|Any CPU
		{C90E4A13-D753-4716-8EE5-753DB0D679BD}.Debug|Any CPU.Build.0 = Debug|Any CPU
		{C90E4A13-D753-4716-8EE5-753DB0D679BD}.Release|Any CPU.ActiveCfg = Release|Any CPU
		{C90E4A13-D753-4716-8EE5-753DB0D679BD}.Release|Any CPU.Build.0 = Release|Any CPU
		{3CB30643-1DCD-4969-AD6D-C6DE7BABEED1}.Debug|Any CPU.ActiveCfg = Debug|Any CPU
		{3CB30643-1DCD-4969-AD6D-C6DE7BABEED1}.Debug|Any CPU.Build.0 = Debug|Any CPU
		{3CB30643-1DCD-4969-AD6D-C6DE7BABEED1}.Release|Any CPU.ActiveCfg = Release|Any CPU
		{3CB30643-1DCD-4969-AD6D-C6DE7BABEED1}.Release|Any CPU.Build.0 = Release|Any CPU
		{6CB0676D-0733-460F-8F45-A8668459D4CB}.Debug|Any CPU.ActiveCfg = Debug|Any CPU
		{6CB0676D-0733-460F-8F45-A8668459D4CB}.Debug|Any CPU.Build.0 = Debug|Any CPU
		{6CB0676D-0733-460F-8F45-A8668459D4CB}.Release|Any CPU.ActiveCfg = Release|Any CPU
		{6CB0676D-0733-460F-8F45-A8668459D4CB}.Release|Any CPU.Build.0 = Release|Any CPU
		{5C17E22F-B1B0-4DDF-BFF8-3F936FEC1A74}.Debug|Any CPU.ActiveCfg = Debug|Any CPU
		{5C17E22F-B1B0-4DDF-BFF8-3F936FEC1A74}.Debug|Any CPU.Build.0 = Debug|Any CPU
		{5C17E22F-B1B0-4DDF-BFF8-3F936FEC1A74}.Release|Any CPU.ActiveCfg = Release|Any CPU
		{5C17E22F-B1B0-4DDF-BFF8-3F936FEC1A74}.Release|Any CPU.Build.0 = Release|Any CPU
		{3CA4A473-0378-4740-84EE-1CF03D48B01F}.Debug|Any CPU.ActiveCfg = Debug|Any CPU
		{3CA4A473-0378-4740-84EE-1CF03D48B01F}.Debug|Any CPU.Build.0 = Debug|Any CPU
		{3CA4A473-0378-4740-84EE-1CF03D48B01F}.Release|Any CPU.ActiveCfg = Release|Any CPU
		{3CA4A473-0378-4740-84EE-1CF03D48B01F}.Release|Any CPU.Build.0 = Release|Any CPU
		{9800B857-42E6-4508-AF57-4711BE7759B3}.Debug|Any CPU.ActiveCfg = Debug|Any CPU
		{9800B857-42E6-4508-AF57-4711BE7759B3}.Debug|Any CPU.Build.0 = Debug|Any CPU
		{9800B857-42E6-4508-AF57-4711BE7759B3}.Release|Any CPU.ActiveCfg = Release|Any CPU
		{9800B857-42E6-4508-AF57-4711BE7759B3}.Release|Any CPU.Build.0 = Release|Any CPU
		{8F0D0137-1196-437B-9E8D-CEFFEA5E913E}.Debug|Any CPU.ActiveCfg = Debug|Any CPU
		{8F0D0137-1196-437B-9E8D-CEFFEA5E913E}.Debug|Any CPU.Build.0 = Debug|Any CPU
		{8F0D0137-1196-437B-9E8D-CEFFEA5E913E}.Release|Any CPU.ActiveCfg = Release|Any CPU
		{8F0D0137-1196-437B-9E8D-CEFFEA5E913E}.Release|Any CPU.Build.0 = Release|Any CPU
		{D1DD99C1-4953-48D9-9A92-F08F93046A7D}.Debug|Any CPU.ActiveCfg = Debug|Any CPU
		{D1DD99C1-4953-48D9-9A92-F08F93046A7D}.Debug|Any CPU.Build.0 = Debug|Any CPU
		{D1DD99C1-4953-48D9-9A92-F08F93046A7D}.Release|Any CPU.ActiveCfg = Release|Any CPU
		{D1DD99C1-4953-48D9-9A92-F08F93046A7D}.Release|Any CPU.Build.0 = Release|Any CPU
		{CEE55D43-B702-4C7B-8AC1-CBF508466B10}.Debug|Any CPU.ActiveCfg = Debug|Any CPU
		{CEE55D43-B702-4C7B-8AC1-CBF508466B10}.Debug|Any CPU.Build.0 = Debug|Any CPU
		{CEE55D43-B702-4C7B-8AC1-CBF508466B10}.Release|Any CPU.ActiveCfg = Release|Any CPU
		{CEE55D43-B702-4C7B-8AC1-CBF508466B10}.Release|Any CPU.Build.0 = Release|Any CPU
		{469E7979-F4FC-484B-B7E5-6AF5207A921D}.Debug|Any CPU.ActiveCfg = Debug|Any CPU
		{469E7979-F4FC-484B-B7E5-6AF5207A921D}.Debug|Any CPU.Build.0 = Debug|Any CPU
		{469E7979-F4FC-484B-B7E5-6AF5207A921D}.Release|Any CPU.ActiveCfg = Release|Any CPU
		{469E7979-F4FC-484B-B7E5-6AF5207A921D}.Release|Any CPU.Build.0 = Release|Any CPU
		{B49A7138-C8DB-4FE3-B853-8CA0F42FDB5A}.Debug|Any CPU.ActiveCfg = Debug|Any CPU
		{B49A7138-C8DB-4FE3-B853-8CA0F42FDB5A}.Debug|Any CPU.Build.0 = Debug|Any CPU
		{B49A7138-C8DB-4FE3-B853-8CA0F42FDB5A}.Release|Any CPU.ActiveCfg = Release|Any CPU
		{B49A7138-C8DB-4FE3-B853-8CA0F42FDB5A}.Release|Any CPU.Build.0 = Release|Any CPU
		{35163CEA-3F63-4BBD-8148-A220B4336FA8}.Debug|Any CPU.ActiveCfg = Debug|Any CPU
		{35163CEA-3F63-4BBD-8148-A220B4336FA8}.Debug|Any CPU.Build.0 = Debug|Any CPU
		{35163CEA-3F63-4BBD-8148-A220B4336FA8}.Release|Any CPU.ActiveCfg = Release|Any CPU
		{35163CEA-3F63-4BBD-8148-A220B4336FA8}.Release|Any CPU.Build.0 = Release|Any CPU
		{C10FD0D2-1064-41AF-A5C5-C5CBFF436DF1}.Debug|Any CPU.ActiveCfg = Debug|Any CPU
		{C10FD0D2-1064-41AF-A5C5-C5CBFF436DF1}.Debug|Any CPU.Build.0 = Debug|Any CPU
		{C10FD0D2-1064-41AF-A5C5-C5CBFF436DF1}.Release|Any CPU.ActiveCfg = Release|Any CPU
		{C10FD0D2-1064-41AF-A5C5-C5CBFF436DF1}.Release|Any CPU.Build.0 = Release|Any CPU
		{191594BB-0732-46D3-93C3-0DCF3B2FD221}.Debug|Any CPU.ActiveCfg = Debug|Any CPU
		{191594BB-0732-46D3-93C3-0DCF3B2FD221}.Debug|Any CPU.Build.0 = Debug|Any CPU
		{191594BB-0732-46D3-93C3-0DCF3B2FD221}.Release|Any CPU.ActiveCfg = Release|Any CPU
		{191594BB-0732-46D3-93C3-0DCF3B2FD221}.Release|Any CPU.Build.0 = Release|Any CPU
		{2B8F7366-A237-4610-BB46-B2A045DFFE25}.Debug|Any CPU.ActiveCfg = Debug|Any CPU
		{2B8F7366-A237-4610-BB46-B2A045DFFE25}.Debug|Any CPU.Build.0 = Debug|Any CPU
		{2B8F7366-A237-4610-BB46-B2A045DFFE25}.Release|Any CPU.ActiveCfg = Release|Any CPU
		{2B8F7366-A237-4610-BB46-B2A045DFFE25}.Release|Any CPU.Build.0 = Release|Any CPU
		{B84714BE-A5AC-4D60-AE84-343D4AA87FA8}.Debug|Any CPU.ActiveCfg = Debug|Any CPU
		{B84714BE-A5AC-4D60-AE84-343D4AA87FA8}.Debug|Any CPU.Build.0 = Debug|Any CPU
		{B84714BE-A5AC-4D60-AE84-343D4AA87FA8}.Release|Any CPU.ActiveCfg = Release|Any CPU
		{B84714BE-A5AC-4D60-AE84-343D4AA87FA8}.Release|Any CPU.Build.0 = Release|Any CPU
		{D656BA90-6024-48D9-96AB-5F39C11F3136}.Debug|Any CPU.ActiveCfg = Debug|Any CPU
		{D656BA90-6024-48D9-96AB-5F39C11F3136}.Debug|Any CPU.Build.0 = Debug|Any CPU
		{D656BA90-6024-48D9-96AB-5F39C11F3136}.Release|Any CPU.ActiveCfg = Release|Any CPU
		{D656BA90-6024-48D9-96AB-5F39C11F3136}.Release|Any CPU.Build.0 = Release|Any CPU
		{086BE217-4426-4EA1-B777-71FA75986A9F}.Debug|Any CPU.ActiveCfg = Debug|Any CPU
		{086BE217-4426-4EA1-B777-71FA75986A9F}.Debug|Any CPU.Build.0 = Debug|Any CPU
		{086BE217-4426-4EA1-B777-71FA75986A9F}.Release|Any CPU.ActiveCfg = Release|Any CPU
		{086BE217-4426-4EA1-B777-71FA75986A9F}.Release|Any CPU.Build.0 = Release|Any CPU
		{939751AD-89D8-438E-8F31-C7C92B606B7F}.Debug|Any CPU.ActiveCfg = Debug|Any CPU
		{939751AD-89D8-438E-8F31-C7C92B606B7F}.Debug|Any CPU.Build.0 = Debug|Any CPU
		{939751AD-89D8-438E-8F31-C7C92B606B7F}.Release|Any CPU.ActiveCfg = Release|Any CPU
		{939751AD-89D8-438E-8F31-C7C92B606B7F}.Release|Any CPU.Build.0 = Release|Any CPU
		{3E4C3D29-481C-4147-B33B-838C727FAF18}.Debug|Any CPU.ActiveCfg = Debug|Any CPU
		{3E4C3D29-481C-4147-B33B-838C727FAF18}.Debug|Any CPU.Build.0 = Debug|Any CPU
		{3E4C3D29-481C-4147-B33B-838C727FAF18}.Release|Any CPU.ActiveCfg = Release|Any CPU
		{3E4C3D29-481C-4147-B33B-838C727FAF18}.Release|Any CPU.Build.0 = Release|Any CPU
	EndGlobalSection
	GlobalSection(SolutionProperties) = preSolution
		HideSolutionNode = FALSE
	EndGlobalSection
	GlobalSection(NestedProjects) = preSolution
		{FCF637AF-51BA-4F38-8CD0-7D93112B5983} = {A905CF95-6E5E-429D-8367-BA9548D3A9C7}
		{319CE37C-CB34-42E1-802C-4DFA68589F1B} = {A905CF95-6E5E-429D-8367-BA9548D3A9C7}
		{469E7979-F4FC-484B-B7E5-6AF5207A921D} = {0631C3C6-3497-4279-B407-4582ECD367D2}
	EndGlobalSection
	GlobalSection(ExtensibilityGlobals) = postSolution
		SolutionGuid = {D6555779-E166-4CBA-833D-DC0096E0ECBA}
	EndGlobalSection
EndGlobal
