
Microsoft Visual Studio Solution File, Format Version 12.00
# Visual Studio Version 16
VisualStudioVersion = 16.0.30804.86
MinimumVisualStudioVersion = 10.0.40219.1
Project("{FAE04EC0-301F-11D3-BF4B-00C04F79EFBC}") = "UnityCS", "UnityCS\UnityCS.csproj", "{FCF637AF-51BA-4F38-8CD0-7D93112B5983}"
EndProject
Project("{FAE04EC0-301F-11D3-BF4B-00C04F79EFBC}") = "Test01", "Test01\Test01.csproj", "{319CE37C-CB34-42E1-802C-4DFA68589F1B}"
EndProject
Global
	GlobalSection(SolutionConfigurationPlatforms) = preSolution
		Debug|Any CPU = Debug|Any CPU
		Release|Any CPU = Release|Any CPU
	EndGlobalSection
	GlobalSection(ProjectConfigurationPlatforms) = postSolution
		{FCF637AF-51BA-4F38-8CD0-7D93112B5983}.Debug|Any CPU.ActiveCfg = Debug|Any CPU
		{FCF637AF-51BA-4F38-8CD0-7D93112B5983}.Debug|Any CPU.Build.0 = Debug|Any CPU
		{FCF637AF-51BA-4F38-8CD0-7D93112B5983}.Release|Any CPU.ActiveCfg = Release|Any CPU
		{FCF637AF-51BA-4F38-8CD0-7D93112B5983}.Release|Any CPU.Build.0 = Release|Any CPU
		{319CE37C-CB34-42E1-802C-4DFA68589F1B}.Debug|Any CPU.ActiveCfg = Debug|Any CPU
		{319CE37C-CB34-42E1-802C-4DFA68589F1B}.Debug|Any CPU.Build.0 = Debug|Any CPU
		{319CE37C-CB34-42E1-802C-4DFA68589F1B}.Release|Any CPU.ActiveCfg = Release|Any CPU
		{319CE37C-CB34-42E1-802C-4DFA68589F1B}.Release|Any CPU.Build.0 = Release|Any CPU
	EndGlobalSection
	GlobalSection(SolutionProperties) = preSolution
		HideSolutionNode = FALSE
	EndGlobalSection
	GlobalSection(ExtensibilityGlobals) = postSolution
		SolutionGuid = {D6555779-E166-4CBA-833D-DC0096E0ECBA}
	EndGlobalSection
EndGlobal
